
Microsoft Visual Studio Solution File, Format Version 12.00
# Visual Studio 15
VisualStudioVersion = 15.0.27703.2035
MinimumVisualStudioVersion = 10.0.40219.1
Project("{FAE04EC0-301F-11D3-BF4B-00C04F79EFBC}") = "XFSampleApp.Android", "XFSampleApp\XFSampleApp.Android\XFSampleApp.Android.csproj", "{3680505A-6826-4D56-B9AF-326388F8329F}"
EndProject
Project("{FAE04EC0-301F-11D3-BF4B-00C04F79EFBC}") = "XFSampleApp.iOS", "XFSampleApp\XFSampleApp.iOS\XFSampleApp.iOS.csproj", "{071D7E97-8DD4-4ED3-9315-0613222764E8}"
EndProject
Project("{FAE04EC0-301F-11D3-BF4B-00C04F79EFBC}") = "XFSampleApp.UWP", "XFSampleApp\XFSampleApp.UWP\XFSampleApp.UWP.csproj", "{A194F724-2E1B-4D38-B6D1-7ED79AB4699F}"
EndProject
Project("{FAE04EC0-301F-11D3-BF4B-00C04F79EFBC}") = "XFSampleApp", "XFSampleApp\XFSampleApp\XFSampleApp.csproj", "{85219198-082C-4152-909C-0567B2B156ED}"
EndProject
Global
	GlobalSection(SolutionConfigurationPlatforms) = preSolution
		Ad-Hoc|Any CPU = Ad-Hoc|Any CPU
		Ad-Hoc|ARM = Ad-Hoc|ARM
		Ad-Hoc|iPhone = Ad-Hoc|iPhone
		Ad-Hoc|iPhoneSimulator = Ad-Hoc|iPhoneSimulator
		Ad-Hoc|x64 = Ad-Hoc|x64
		Ad-Hoc|x86 = Ad-Hoc|x86
		AppStore|Any CPU = AppStore|Any CPU
		AppStore|ARM = AppStore|ARM
		AppStore|iPhone = AppStore|iPhone
		AppStore|iPhoneSimulator = AppStore|iPhoneSimulator
		AppStore|x64 = AppStore|x64
		AppStore|x86 = AppStore|x86
		Debug|Any CPU = Debug|Any CPU
		Debug|ARM = Debug|ARM
		Debug|iPhone = Debug|iPhone
		Debug|iPhoneSimulator = Debug|iPhoneSimulator
		Debug|x64 = Debug|x64
		Debug|x86 = Debug|x86
		Release|Any CPU = Release|Any CPU
		Release|ARM = Release|ARM
		Release|iPhone = Release|iPhone
		Release|iPhoneSimulator = Release|iPhoneSimulator
		Release|x64 = Release|x64
		Release|x86 = Release|x86
	EndGlobalSection
	GlobalSection(ProjectConfigurationPlatforms) = postSolution
		{3680505A-6826-4D56-B9AF-326388F8329F}.Ad-Hoc|Any CPU.ActiveCfg = Release|Any CPU
		{3680505A-6826-4D56-B9AF-326388F8329F}.Ad-Hoc|Any CPU.Build.0 = Release|Any CPU
		{3680505A-6826-4D56-B9AF-326388F8329F}.Ad-Hoc|Any CPU.Deploy.0 = Release|Any CPU
		{3680505A-6826-4D56-B9AF-326388F8329F}.Ad-Hoc|ARM.ActiveCfg = Release|Any CPU
		{3680505A-6826-4D56-B9AF-326388F8329F}.Ad-Hoc|ARM.Build.0 = Release|Any CPU
		{3680505A-6826-4D56-B9AF-326388F8329F}.Ad-Hoc|ARM.Deploy.0 = Release|Any CPU
		{3680505A-6826-4D56-B9AF-326388F8329F}.Ad-Hoc|iPhone.ActiveCfg = Release|Any CPU
		{3680505A-6826-4D56-B9AF-326388F8329F}.Ad-Hoc|iPhone.Build.0 = Release|Any CPU
		{3680505A-6826-4D56-B9AF-326388F8329F}.Ad-Hoc|iPhone.Deploy.0 = Release|Any CPU
		{3680505A-6826-4D56-B9AF-326388F8329F}.Ad-Hoc|iPhoneSimulator.ActiveCfg = Release|Any CPU
		{3680505A-6826-4D56-B9AF-326388F8329F}.Ad-Hoc|iPhoneSimulator.Build.0 = Release|Any CPU
		{3680505A-6826-4D56-B9AF-326388F8329F}.Ad-Hoc|iPhoneSimulator.Deploy.0 = Release|Any CPU
		{3680505A-6826-4D56-B9AF-326388F8329F}.Ad-Hoc|x64.ActiveCfg = Release|Any CPU
		{3680505A-6826-4D56-B9AF-326388F8329F}.Ad-Hoc|x64.Build.0 = Release|Any CPU
		{3680505A-6826-4D56-B9AF-326388F8329F}.Ad-Hoc|x64.Deploy.0 = Release|Any CPU
		{3680505A-6826-4D56-B9AF-326388F8329F}.Ad-Hoc|x86.ActiveCfg = Release|Any CPU
		{3680505A-6826-4D56-B9AF-326388F8329F}.Ad-Hoc|x86.Build.0 = Release|Any CPU
		{3680505A-6826-4D56-B9AF-326388F8329F}.Ad-Hoc|x86.Deploy.0 = Release|Any CPU
		{3680505A-6826-4D56-B9AF-326388F8329F}.AppStore|Any CPU.ActiveCfg = Release|Any CPU
		{3680505A-6826-4D56-B9AF-326388F8329F}.AppStore|Any CPU.Build.0 = Release|Any CPU
		{3680505A-6826-4D56-B9AF-326388F8329F}.AppStore|Any CPU.Deploy.0 = Release|Any CPU
		{3680505A-6826-4D56-B9AF-326388F8329F}.AppStore|ARM.ActiveCfg = Release|Any CPU
		{3680505A-6826-4D56-B9AF-326388F8329F}.AppStore|ARM.Build.0 = Release|Any CPU
		{3680505A-6826-4D56-B9AF-326388F8329F}.AppStore|ARM.Deploy.0 = Release|Any CPU
		{3680505A-6826-4D56-B9AF-326388F8329F}.AppStore|iPhone.ActiveCfg = Release|Any CPU
		{3680505A-6826-4D56-B9AF-326388F8329F}.AppStore|iPhone.Build.0 = Release|Any CPU
		{3680505A-6826-4D56-B9AF-326388F8329F}.AppStore|iPhone.Deploy.0 = Release|Any CPU
		{3680505A-6826-4D56-B9AF-326388F8329F}.AppStore|iPhoneSimulator.ActiveCfg = Release|Any CPU
		{3680505A-6826-4D56-B9AF-326388F8329F}.AppStore|iPhoneSimulator.Build.0 = Release|Any CPU
		{3680505A-6826-4D56-B9AF-326388F8329F}.AppStore|iPhoneSimulator.Deploy.0 = Release|Any CPU
		{3680505A-6826-4D56-B9AF-326388F8329F}.AppStore|x64.ActiveCfg = Release|Any CPU
		{3680505A-6826-4D56-B9AF-326388F8329F}.AppStore|x64.Build.0 = Release|Any CPU
		{3680505A-6826-4D56-B9AF-326388F8329F}.AppStore|x64.Deploy.0 = Release|Any CPU
		{3680505A-6826-4D56-B9AF-326388F8329F}.AppStore|x86.ActiveCfg = Release|Any CPU
		{3680505A-6826-4D56-B9AF-326388F8329F}.AppStore|x86.Build.0 = Release|Any CPU
		{3680505A-6826-4D56-B9AF-326388F8329F}.AppStore|x86.Deploy.0 = Release|Any CPU
		{3680505A-6826-4D56-B9AF-326388F8329F}.Debug|Any CPU.ActiveCfg = Debug|Any CPU
		{3680505A-6826-4D56-B9AF-326388F8329F}.Debug|Any CPU.Build.0 = Debug|Any CPU
		{3680505A-6826-4D56-B9AF-326388F8329F}.Debug|Any CPU.Deploy.0 = Debug|Any CPU
		{3680505A-6826-4D56-B9AF-326388F8329F}.Debug|ARM.ActiveCfg = Debug|Any CPU
		{3680505A-6826-4D56-B9AF-326388F8329F}.Debug|ARM.Build.0 = Debug|Any CPU
		{3680505A-6826-4D56-B9AF-326388F8329F}.Debug|ARM.Deploy.0 = Debug|Any CPU
		{3680505A-6826-4D56-B9AF-326388F8329F}.Debug|iPhone.ActiveCfg = Debug|Any CPU
		{3680505A-6826-4D56-B9AF-326388F8329F}.Debug|iPhone.Build.0 = Debug|Any CPU
		{3680505A-6826-4D56-B9AF-326388F8329F}.Debug|iPhone.Deploy.0 = Debug|Any CPU
		{3680505A-6826-4D56-B9AF-326388F8329F}.Debug|iPhoneSimulator.ActiveCfg = Debug|Any CPU
		{3680505A-6826-4D56-B9AF-326388F8329F}.Debug|iPhoneSimulator.Build.0 = Debug|Any CPU
		{3680505A-6826-4D56-B9AF-326388F8329F}.Debug|iPhoneSimulator.Deploy.0 = Debug|Any CPU
		{3680505A-6826-4D56-B9AF-326388F8329F}.Debug|x64.ActiveCfg = Debug|Any CPU
		{3680505A-6826-4D56-B9AF-326388F8329F}.Debug|x64.Build.0 = Debug|Any CPU
		{3680505A-6826-4D56-B9AF-326388F8329F}.Debug|x64.Deploy.0 = Debug|Any CPU
		{3680505A-6826-4D56-B9AF-326388F8329F}.Debug|x86.ActiveCfg = Debug|Any CPU
		{3680505A-6826-4D56-B9AF-326388F8329F}.Debug|x86.Build.0 = Debug|Any CPU
		{3680505A-6826-4D56-B9AF-326388F8329F}.Debug|x86.Deploy.0 = Debug|Any CPU
		{3680505A-6826-4D56-B9AF-326388F8329F}.Release|Any CPU.ActiveCfg = Release|Any CPU
		{3680505A-6826-4D56-B9AF-326388F8329F}.Release|Any CPU.Build.0 = Release|Any CPU
		{3680505A-6826-4D56-B9AF-326388F8329F}.Release|Any CPU.Deploy.0 = Release|Any CPU
		{3680505A-6826-4D56-B9AF-326388F8329F}.Release|ARM.ActiveCfg = Release|Any CPU
		{3680505A-6826-4D56-B9AF-326388F8329F}.Release|ARM.Build.0 = Release|Any CPU
		{3680505A-6826-4D56-B9AF-326388F8329F}.Release|ARM.Deploy.0 = Release|Any CPU
		{3680505A-6826-4D56-B9AF-326388F8329F}.Release|iPhone.ActiveCfg = Release|Any CPU
		{3680505A-6826-4D56-B9AF-326388F8329F}.Release|iPhone.Build.0 = Release|Any CPU
		{3680505A-6826-4D56-B9AF-326388F8329F}.Release|iPhone.Deploy.0 = Release|Any CPU
		{3680505A-6826-4D56-B9AF-326388F8329F}.Release|iPhoneSimulator.ActiveCfg = Release|Any CPU
		{3680505A-6826-4D56-B9AF-326388F8329F}.Release|iPhoneSimulator.Build.0 = Release|Any CPU
		{3680505A-6826-4D56-B9AF-326388F8329F}.Release|iPhoneSimulator.Deploy.0 = Release|Any CPU
		{3680505A-6826-4D56-B9AF-326388F8329F}.Release|x64.ActiveCfg = Release|Any CPU
		{3680505A-6826-4D56-B9AF-326388F8329F}.Release|x64.Build.0 = Release|Any CPU
		{3680505A-6826-4D56-B9AF-326388F8329F}.Release|x64.Deploy.0 = Release|Any CPU
		{3680505A-6826-4D56-B9AF-326388F8329F}.Release|x86.ActiveCfg = Release|Any CPU
		{3680505A-6826-4D56-B9AF-326388F8329F}.Release|x86.Build.0 = Release|Any CPU
		{3680505A-6826-4D56-B9AF-326388F8329F}.Release|x86.Deploy.0 = Release|Any CPU
		{071D7E97-8DD4-4ED3-9315-0613222764E8}.Ad-Hoc|Any CPU.ActiveCfg = Ad-Hoc|iPhone
		{071D7E97-8DD4-4ED3-9315-0613222764E8}.Ad-Hoc|Any CPU.Build.0 = Ad-Hoc|iPhone
		{071D7E97-8DD4-4ED3-9315-0613222764E8}.Ad-Hoc|Any CPU.Deploy.0 = Ad-Hoc|iPhone
		{071D7E97-8DD4-4ED3-9315-0613222764E8}.Ad-Hoc|ARM.ActiveCfg = Ad-Hoc|iPhone
		{071D7E97-8DD4-4ED3-9315-0613222764E8}.Ad-Hoc|ARM.Build.0 = Ad-Hoc|iPhone
		{071D7E97-8DD4-4ED3-9315-0613222764E8}.Ad-Hoc|ARM.Deploy.0 = Ad-Hoc|iPhone
		{071D7E97-8DD4-4ED3-9315-0613222764E8}.Ad-Hoc|iPhone.ActiveCfg = Ad-Hoc|iPhone
		{071D7E97-8DD4-4ED3-9315-0613222764E8}.Ad-Hoc|iPhone.Build.0 = Ad-Hoc|iPhone
		{071D7E97-8DD4-4ED3-9315-0613222764E8}.Ad-Hoc|iPhone.Deploy.0 = Ad-Hoc|iPhone
		{071D7E97-8DD4-4ED3-9315-0613222764E8}.Ad-Hoc|iPhoneSimulator.ActiveCfg = Ad-Hoc|iPhoneSimulator
		{071D7E97-8DD4-4ED3-9315-0613222764E8}.Ad-Hoc|iPhoneSimulator.Build.0 = Ad-Hoc|iPhoneSimulator
		{071D7E97-8DD4-4ED3-9315-0613222764E8}.Ad-Hoc|iPhoneSimulator.Deploy.0 = Ad-Hoc|iPhoneSimulator
		{071D7E97-8DD4-4ED3-9315-0613222764E8}.Ad-Hoc|x64.ActiveCfg = Ad-Hoc|iPhone
		{071D7E97-8DD4-4ED3-9315-0613222764E8}.Ad-Hoc|x64.Build.0 = Ad-Hoc|iPhone
		{071D7E97-8DD4-4ED3-9315-0613222764E8}.Ad-Hoc|x64.Deploy.0 = Ad-Hoc|iPhone
		{071D7E97-8DD4-4ED3-9315-0613222764E8}.Ad-Hoc|x86.ActiveCfg = Ad-Hoc|iPhone
		{071D7E97-8DD4-4ED3-9315-0613222764E8}.Ad-Hoc|x86.Build.0 = Ad-Hoc|iPhone
		{071D7E97-8DD4-4ED3-9315-0613222764E8}.Ad-Hoc|x86.Deploy.0 = Ad-Hoc|iPhone
		{071D7E97-8DD4-4ED3-9315-0613222764E8}.AppStore|Any CPU.ActiveCfg = AppStore|iPhone
		{071D7E97-8DD4-4ED3-9315-0613222764E8}.AppStore|Any CPU.Build.0 = AppStore|iPhone
		{071D7E97-8DD4-4ED3-9315-0613222764E8}.AppStore|Any CPU.Deploy.0 = AppStore|iPhone
		{071D7E97-8DD4-4ED3-9315-0613222764E8}.AppStore|ARM.ActiveCfg = AppStore|iPhone
		{071D7E97-8DD4-4ED3-9315-0613222764E8}.AppStore|ARM.Build.0 = AppStore|iPhone
		{071D7E97-8DD4-4ED3-9315-0613222764E8}.AppStore|ARM.Deploy.0 = AppStore|iPhone
		{071D7E97-8DD4-4ED3-9315-0613222764E8}.AppStore|iPhone.ActiveCfg = AppStore|iPhone
		{071D7E97-8DD4-4ED3-9315-0613222764E8}.AppStore|iPhone.Build.0 = AppStore|iPhone
		{071D7E97-8DD4-4ED3-9315-0613222764E8}.AppStore|iPhone.Deploy.0 = AppStore|iPhone
		{071D7E97-8DD4-4ED3-9315-0613222764E8}.AppStore|iPhoneSimulator.ActiveCfg = AppStore|iPhoneSimulator
		{071D7E97-8DD4-4ED3-9315-0613222764E8}.AppStore|iPhoneSimulator.Build.0 = AppStore|iPhoneSimulator
		{071D7E97-8DD4-4ED3-9315-0613222764E8}.AppStore|iPhoneSimulator.Deploy.0 = AppStore|iPhoneSimulator
		{071D7E97-8DD4-4ED3-9315-0613222764E8}.AppStore|x64.ActiveCfg = AppStore|iPhone
		{071D7E97-8DD4-4ED3-9315-0613222764E8}.AppStore|x64.Build.0 = AppStore|iPhone
		{071D7E97-8DD4-4ED3-9315-0613222764E8}.AppStore|x64.Deploy.0 = AppStore|iPhone
		{071D7E97-8DD4-4ED3-9315-0613222764E8}.AppStore|x86.ActiveCfg = AppStore|iPhone
		{071D7E97-8DD4-4ED3-9315-0613222764E8}.AppStore|x86.Build.0 = AppStore|iPhone
		{071D7E97-8DD4-4ED3-9315-0613222764E8}.AppStore|x86.Deploy.0 = AppStore|iPhone
		{071D7E97-8DD4-4ED3-9315-0613222764E8}.Debug|Any CPU.ActiveCfg = Debug|iPhoneSimulator
		{071D7E97-8DD4-4ED3-9315-0613222764E8}.Debug|Any CPU.Build.0 = Debug|iPhoneSimulator
		{071D7E97-8DD4-4ED3-9315-0613222764E8}.Debug|Any CPU.Deploy.0 = Debug|iPhoneSimulator
		{071D7E97-8DD4-4ED3-9315-0613222764E8}.Debug|ARM.ActiveCfg = Debug|iPhone
		{071D7E97-8DD4-4ED3-9315-0613222764E8}.Debug|ARM.Build.0 = Debug|iPhone
		{071D7E97-8DD4-4ED3-9315-0613222764E8}.Debug|ARM.Deploy.0 = Debug|iPhone
		{071D7E97-8DD4-4ED3-9315-0613222764E8}.Debug|iPhone.ActiveCfg = Debug|iPhone
		{071D7E97-8DD4-4ED3-9315-0613222764E8}.Debug|iPhone.Build.0 = Debug|iPhone
		{071D7E97-8DD4-4ED3-9315-0613222764E8}.Debug|iPhone.Deploy.0 = Debug|iPhone
		{071D7E97-8DD4-4ED3-9315-0613222764E8}.Debug|iPhoneSimulator.ActiveCfg = Debug|iPhoneSimulator
		{071D7E97-8DD4-4ED3-9315-0613222764E8}.Debug|iPhoneSimulator.Build.0 = Debug|iPhoneSimulator
		{071D7E97-8DD4-4ED3-9315-0613222764E8}.Debug|iPhoneSimulator.Deploy.0 = Debug|iPhoneSimulator
		{071D7E97-8DD4-4ED3-9315-0613222764E8}.Debug|x64.ActiveCfg = Debug|iPhone
		{071D7E97-8DD4-4ED3-9315-0613222764E8}.Debug|x64.Build.0 = Debug|iPhone
		{071D7E97-8DD4-4ED3-9315-0613222764E8}.Debug|x64.Deploy.0 = Debug|iPhone
		{071D7E97-8DD4-4ED3-9315-0613222764E8}.Debug|x86.ActiveCfg = Debug|iPhone
		{071D7E97-8DD4-4ED3-9315-0613222764E8}.Debug|x86.Build.0 = Debug|iPhone
		{071D7E97-8DD4-4ED3-9315-0613222764E8}.Debug|x86.Deploy.0 = Debug|iPhone
		{071D7E97-8DD4-4ED3-9315-0613222764E8}.Release|Any CPU.ActiveCfg = Release|iPhone
		{071D7E97-8DD4-4ED3-9315-0613222764E8}.Release|Any CPU.Build.0 = Release|iPhone
		{071D7E97-8DD4-4ED3-9315-0613222764E8}.Release|Any CPU.Deploy.0 = Release|iPhone
		{071D7E97-8DD4-4ED3-9315-0613222764E8}.Release|ARM.ActiveCfg = Release|iPhone
		{071D7E97-8DD4-4ED3-9315-0613222764E8}.Release|ARM.Build.0 = Release|iPhone
		{071D7E97-8DD4-4ED3-9315-0613222764E8}.Release|ARM.Deploy.0 = Release|iPhone
		{071D7E97-8DD4-4ED3-9315-0613222764E8}.Release|iPhone.ActiveCfg = Release|iPhone
		{071D7E97-8DD4-4ED3-9315-0613222764E8}.Release|iPhone.Build.0 = Release|iPhone
		{071D7E97-8DD4-4ED3-9315-0613222764E8}.Release|iPhone.Deploy.0 = Release|iPhone
		{071D7E97-8DD4-4ED3-9315-0613222764E8}.Release|iPhoneSimulator.ActiveCfg = Release|iPhoneSimulator
		{071D7E97-8DD4-4ED3-9315-0613222764E8}.Release|iPhoneSimulator.Build.0 = Release|iPhoneSimulator
		{071D7E97-8DD4-4ED3-9315-0613222764E8}.Release|iPhoneSimulator.Deploy.0 = Release|iPhoneSimulator
		{071D7E97-8DD4-4ED3-9315-0613222764E8}.Release|x64.ActiveCfg = Release|iPhone
		{071D7E97-8DD4-4ED3-9315-0613222764E8}.Release|x64.Build.0 = Release|iPhone
		{071D7E97-8DD4-4ED3-9315-0613222764E8}.Release|x64.Deploy.0 = Release|iPhone
		{071D7E97-8DD4-4ED3-9315-0613222764E8}.Release|x86.ActiveCfg = Release|iPhone
		{071D7E97-8DD4-4ED3-9315-0613222764E8}.Release|x86.Build.0 = Release|iPhone
		{071D7E97-8DD4-4ED3-9315-0613222764E8}.Release|x86.Deploy.0 = Release|iPhone
		{A194F724-2E1B-4D38-B6D1-7ED79AB4699F}.Ad-Hoc|Any CPU.ActiveCfg = Release|x86
		{A194F724-2E1B-4D38-B6D1-7ED79AB4699F}.Ad-Hoc|Any CPU.Build.0 = Release|x86
		{A194F724-2E1B-4D38-B6D1-7ED79AB4699F}.Ad-Hoc|Any CPU.Deploy.0 = Release|x86
		{A194F724-2E1B-4D38-B6D1-7ED79AB4699F}.Ad-Hoc|ARM.ActiveCfg = Release|ARM
		{A194F724-2E1B-4D38-B6D1-7ED79AB4699F}.Ad-Hoc|ARM.Build.0 = Release|ARM
		{A194F724-2E1B-4D38-B6D1-7ED79AB4699F}.Ad-Hoc|ARM.Deploy.0 = Release|ARM
		{A194F724-2E1B-4D38-B6D1-7ED79AB4699F}.Ad-Hoc|iPhone.ActiveCfg = Release|x86
		{A194F724-2E1B-4D38-B6D1-7ED79AB4699F}.Ad-Hoc|iPhone.Build.0 = Release|x86
		{A194F724-2E1B-4D38-B6D1-7ED79AB4699F}.Ad-Hoc|iPhone.Deploy.0 = Release|x86
		{A194F724-2E1B-4D38-B6D1-7ED79AB4699F}.Ad-Hoc|iPhoneSimulator.ActiveCfg = Release|x86
		{A194F724-2E1B-4D38-B6D1-7ED79AB4699F}.Ad-Hoc|iPhoneSimulator.Build.0 = Release|x86
		{A194F724-2E1B-4D38-B6D1-7ED79AB4699F}.Ad-Hoc|iPhoneSimulator.Deploy.0 = Release|x86
		{A194F724-2E1B-4D38-B6D1-7ED79AB4699F}.Ad-Hoc|x64.ActiveCfg = Release|x64
		{A194F724-2E1B-4D38-B6D1-7ED79AB4699F}.Ad-Hoc|x64.Build.0 = Release|x64
		{A194F724-2E1B-4D38-B6D1-7ED79AB4699F}.Ad-Hoc|x64.Deploy.0 = Release|x64
		{A194F724-2E1B-4D38-B6D1-7ED79AB4699F}.Ad-Hoc|x86.ActiveCfg = Release|x86
		{A194F724-2E1B-4D38-B6D1-7ED79AB4699F}.Ad-Hoc|x86.Build.0 = Release|x86
		{A194F724-2E1B-4D38-B6D1-7ED79AB4699F}.Ad-Hoc|x86.Deploy.0 = Release|x86
		{A194F724-2E1B-4D38-B6D1-7ED79AB4699F}.AppStore|Any CPU.ActiveCfg = Release|x86
		{A194F724-2E1B-4D38-B6D1-7ED79AB4699F}.AppStore|Any CPU.Build.0 = Release|x86
		{A194F724-2E1B-4D38-B6D1-7ED79AB4699F}.AppStore|Any CPU.Deploy.0 = Release|x86
		{A194F724-2E1B-4D38-B6D1-7ED79AB4699F}.AppStore|ARM.ActiveCfg = Release|ARM
		{A194F724-2E1B-4D38-B6D1-7ED79AB4699F}.AppStore|ARM.Build.0 = Release|ARM
		{A194F724-2E1B-4D38-B6D1-7ED79AB4699F}.AppStore|ARM.Deploy.0 = Release|ARM
		{A194F724-2E1B-4D38-B6D1-7ED79AB4699F}.AppStore|iPhone.ActiveCfg = Release|x86
		{A194F724-2E1B-4D38-B6D1-7ED79AB4699F}.AppStore|iPhone.Build.0 = Release|x86
		{A194F724-2E1B-4D38-B6D1-7ED79AB4699F}.AppStore|iPhone.Deploy.0 = Release|x86
		{A194F724-2E1B-4D38-B6D1-7ED79AB4699F}.AppStore|iPhoneSimulator.ActiveCfg = Release|x86
		{A194F724-2E1B-4D38-B6D1-7ED79AB4699F}.AppStore|iPhoneSimulator.Build.0 = Release|x86
		{A194F724-2E1B-4D38-B6D1-7ED79AB4699F}.AppStore|iPhoneSimulator.Deploy.0 = Release|x86
		{A194F724-2E1B-4D38-B6D1-7ED79AB4699F}.AppStore|x64.ActiveCfg = Release|x64
		{A194F724-2E1B-4D38-B6D1-7ED79AB4699F}.AppStore|x64.Build.0 = Release|x64
		{A194F724-2E1B-4D38-B6D1-7ED79AB4699F}.AppStore|x64.Deploy.0 = Release|x64
		{A194F724-2E1B-4D38-B6D1-7ED79AB4699F}.AppStore|x86.ActiveCfg = Release|x86
		{A194F724-2E1B-4D38-B6D1-7ED79AB4699F}.AppStore|x86.Build.0 = Release|x86
		{A194F724-2E1B-4D38-B6D1-7ED79AB4699F}.AppStore|x86.Deploy.0 = Release|x86
		{A194F724-2E1B-4D38-B6D1-7ED79AB4699F}.Debug|Any CPU.ActiveCfg = Debug|x86
		{A194F724-2E1B-4D38-B6D1-7ED79AB4699F}.Debug|Any CPU.Build.0 = Debug|x86
		{A194F724-2E1B-4D38-B6D1-7ED79AB4699F}.Debug|Any CPU.Deploy.0 = Debug|x86
		{A194F724-2E1B-4D38-B6D1-7ED79AB4699F}.Debug|ARM.ActiveCfg = Debug|ARM
		{A194F724-2E1B-4D38-B6D1-7ED79AB4699F}.Debug|ARM.Build.0 = Debug|ARM
		{A194F724-2E1B-4D38-B6D1-7ED79AB4699F}.Debug|ARM.Deploy.0 = Debug|ARM
		{A194F724-2E1B-4D38-B6D1-7ED79AB4699F}.Debug|iPhone.ActiveCfg = Debug|x86
		{A194F724-2E1B-4D38-B6D1-7ED79AB4699F}.Debug|iPhone.Build.0 = Debug|x86
		{A194F724-2E1B-4D38-B6D1-7ED79AB4699F}.Debug|iPhone.Deploy.0 = Debug|x86
		{A194F724-2E1B-4D38-B6D1-7ED79AB4699F}.Debug|iPhoneSimulator.ActiveCfg = Debug|x86
		{A194F724-2E1B-4D38-B6D1-7ED79AB4699F}.Debug|iPhoneSimulator.Build.0 = Debug|x86
		{A194F724-2E1B-4D38-B6D1-7ED79AB4699F}.Debug|iPhoneSimulator.Deploy.0 = Debug|x86
		{A194F724-2E1B-4D38-B6D1-7ED79AB4699F}.Debug|x64.ActiveCfg = Debug|x64
		{A194F724-2E1B-4D38-B6D1-7ED79AB4699F}.Debug|x64.Build.0 = Debug|x64
		{A194F724-2E1B-4D38-B6D1-7ED79AB4699F}.Debug|x64.Deploy.0 = Debug|x64
		{A194F724-2E1B-4D38-B6D1-7ED79AB4699F}.Debug|x86.ActiveCfg = Debug|x86
		{A194F724-2E1B-4D38-B6D1-7ED79AB4699F}.Debug|x86.Build.0 = Debug|x86
		{A194F724-2E1B-4D38-B6D1-7ED79AB4699F}.Debug|x86.Deploy.0 = Debug|x86
		{A194F724-2E1B-4D38-B6D1-7ED79AB4699F}.Release|Any CPU.ActiveCfg = Release|x86
		{A194F724-2E1B-4D38-B6D1-7ED79AB4699F}.Release|Any CPU.Build.0 = Release|x86
		{A194F724-2E1B-4D38-B6D1-7ED79AB4699F}.Release|Any CPU.Deploy.0 = Release|x86
		{A194F724-2E1B-4D38-B6D1-7ED79AB4699F}.Release|ARM.ActiveCfg = Release|ARM
		{A194F724-2E1B-4D38-B6D1-7ED79AB4699F}.Release|ARM.Build.0 = Release|ARM
		{A194F724-2E1B-4D38-B6D1-7ED79AB4699F}.Release|ARM.Deploy.0 = Release|ARM
		{A194F724-2E1B-4D38-B6D1-7ED79AB4699F}.Release|iPhone.ActiveCfg = Release|x86
		{A194F724-2E1B-4D38-B6D1-7ED79AB4699F}.Release|iPhone.Build.0 = Release|x86
		{A194F724-2E1B-4D38-B6D1-7ED79AB4699F}.Release|iPhone.Deploy.0 = Release|x86
		{A194F724-2E1B-4D38-B6D1-7ED79AB4699F}.Release|iPhoneSimulator.ActiveCfg = Release|x86
		{A194F724-2E1B-4D38-B6D1-7ED79AB4699F}.Release|iPhoneSimulator.Build.0 = Release|x86
		{A194F724-2E1B-4D38-B6D1-7ED79AB4699F}.Release|iPhoneSimulator.Deploy.0 = Release|x86
		{A194F724-2E1B-4D38-B6D1-7ED79AB4699F}.Release|x64.ActiveCfg = Release|x64
		{A194F724-2E1B-4D38-B6D1-7ED79AB4699F}.Release|x64.Build.0 = Release|x64
		{A194F724-2E1B-4D38-B6D1-7ED79AB4699F}.Release|x64.Deploy.0 = Release|x64
		{A194F724-2E1B-4D38-B6D1-7ED79AB4699F}.Release|x86.ActiveCfg = Release|x86
		{A194F724-2E1B-4D38-B6D1-7ED79AB4699F}.Release|x86.Build.0 = Release|x86
		{A194F724-2E1B-4D38-B6D1-7ED79AB4699F}.Release|x86.Deploy.0 = Release|x86
		{85219198-082C-4152-909C-0567B2B156ED}.Ad-Hoc|Any CPU.ActiveCfg = Debug|Any CPU
		{85219198-082C-4152-909C-0567B2B156ED}.Ad-Hoc|Any CPU.Build.0 = Debug|Any CPU
		{85219198-082C-4152-909C-0567B2B156ED}.Ad-Hoc|Any CPU.Deploy.0 = Debug|Any CPU
		{85219198-082C-4152-909C-0567B2B156ED}.Ad-Hoc|ARM.ActiveCfg = Debug|Any CPU
		{85219198-082C-4152-909C-0567B2B156ED}.Ad-Hoc|ARM.Build.0 = Debug|Any CPU
		{85219198-082C-4152-909C-0567B2B156ED}.Ad-Hoc|ARM.Deploy.0 = Debug|Any CPU
		{85219198-082C-4152-909C-0567B2B156ED}.Ad-Hoc|iPhone.ActiveCfg = Debug|Any CPU
		{85219198-082C-4152-909C-0567B2B156ED}.Ad-Hoc|iPhone.Build.0 = Debug|Any CPU
		{85219198-082C-4152-909C-0567B2B156ED}.Ad-Hoc|iPhone.Deploy.0 = Debug|Any CPU
		{85219198-082C-4152-909C-0567B2B156ED}.Ad-Hoc|iPhoneSimulator.ActiveCfg = Debug|Any CPU
		{85219198-082C-4152-909C-0567B2B156ED}.Ad-Hoc|iPhoneSimulator.Build.0 = Debug|Any CPU
		{85219198-082C-4152-909C-0567B2B156ED}.Ad-Hoc|iPhoneSimulator.Deploy.0 = Debug|Any CPU
		{85219198-082C-4152-909C-0567B2B156ED}.Ad-Hoc|x64.ActiveCfg = Debug|Any CPU
		{85219198-082C-4152-909C-0567B2B156ED}.Ad-Hoc|x64.Build.0 = Debug|Any CPU
		{85219198-082C-4152-909C-0567B2B156ED}.Ad-Hoc|x64.Deploy.0 = Debug|Any CPU
		{85219198-082C-4152-909C-0567B2B156ED}.Ad-Hoc|x86.ActiveCfg = Debug|Any CPU
		{85219198-082C-4152-909C-0567B2B156ED}.Ad-Hoc|x86.Build.0 = Debug|Any CPU
		{85219198-082C-4152-909C-0567B2B156ED}.Ad-Hoc|x86.Deploy.0 = Debug|Any CPU
		{85219198-082C-4152-909C-0567B2B156ED}.AppStore|Any CPU.ActiveCfg = Debug|Any CPU
		{85219198-082C-4152-909C-0567B2B156ED}.AppStore|Any CPU.Build.0 = Debug|Any CPU
		{85219198-082C-4152-909C-0567B2B156ED}.AppStore|Any CPU.Deploy.0 = Debug|Any CPU
		{85219198-082C-4152-909C-0567B2B156ED}.AppStore|ARM.ActiveCfg = Debug|Any CPU
		{85219198-082C-4152-909C-0567B2B156ED}.AppStore|ARM.Build.0 = Debug|Any CPU
		{85219198-082C-4152-909C-0567B2B156ED}.AppStore|ARM.Deploy.0 = Debug|Any CPU
		{85219198-082C-4152-909C-0567B2B156ED}.AppStore|iPhone.ActiveCfg = Debug|Any CPU
		{85219198-082C-4152-909C-0567B2B156ED}.AppStore|iPhone.Build.0 = Debug|Any CPU
		{85219198-082C-4152-909C-0567B2B156ED}.AppStore|iPhone.Deploy.0 = Debug|Any CPU
		{85219198-082C-4152-909C-0567B2B156ED}.AppStore|iPhoneSimulator.ActiveCfg = Debug|Any CPU
		{85219198-082C-4152-909C-0567B2B156ED}.AppStore|iPhoneSimulator.Build.0 = Debug|Any CPU
		{85219198-082C-4152-909C-0567B2B156ED}.AppStore|iPhoneSimulator.Deploy.0 = Debug|Any CPU
		{85219198-082C-4152-909C-0567B2B156ED}.AppStore|x64.ActiveCfg = Debug|Any CPU
		{85219198-082C-4152-909C-0567B2B156ED}.AppStore|x64.Build.0 = Debug|Any CPU
		{85219198-082C-4152-909C-0567B2B156ED}.AppStore|x64.Deploy.0 = Debug|Any CPU
		{85219198-082C-4152-909C-0567B2B156ED}.AppStore|x86.ActiveCfg = Debug|Any CPU
		{85219198-082C-4152-909C-0567B2B156ED}.AppStore|x86.Build.0 = Debug|Any CPU
		{85219198-082C-4152-909C-0567B2B156ED}.AppStore|x86.Deploy.0 = Debug|Any CPU
		{85219198-082C-4152-909C-0567B2B156ED}.Debug|Any CPU.ActiveCfg = Debug|Any CPU
		{85219198-082C-4152-909C-0567B2B156ED}.Debug|Any CPU.Build.0 = Debug|Any CPU
		{85219198-082C-4152-909C-0567B2B156ED}.Debug|Any CPU.Deploy.0 = Debug|Any CPU
		{85219198-082C-4152-909C-0567B2B156ED}.Debug|ARM.ActiveCfg = Debug|Any CPU
		{85219198-082C-4152-909C-0567B2B156ED}.Debug|ARM.Build.0 = Debug|Any CPU
		{85219198-082C-4152-909C-0567B2B156ED}.Debug|ARM.Deploy.0 = Debug|Any CPU
		{85219198-082C-4152-909C-0567B2B156ED}.Debug|iPhone.ActiveCfg = Debug|Any CPU
		{85219198-082C-4152-909C-0567B2B156ED}.Debug|iPhone.Build.0 = Debug|Any CPU
		{85219198-082C-4152-909C-0567B2B156ED}.Debug|iPhone.Deploy.0 = Debug|Any CPU
		{85219198-082C-4152-909C-0567B2B156ED}.Debug|iPhoneSimulator.ActiveCfg = Debug|Any CPU
		{85219198-082C-4152-909C-0567B2B156ED}.Debug|iPhoneSimulator.Build.0 = Debug|Any CPU
		{85219198-082C-4152-909C-0567B2B156ED}.Debug|iPhoneSimulator.Deploy.0 = Debug|Any CPU
		{85219198-082C-4152-909C-0567B2B156ED}.Debug|x64.ActiveCfg = Debug|Any CPU
		{85219198-082C-4152-909C-0567B2B156ED}.Debug|x64.Build.0 = Debug|Any CPU
		{85219198-082C-4152-909C-0567B2B156ED}.Debug|x64.Deploy.0 = Debug|Any CPU
		{85219198-082C-4152-909C-0567B2B156ED}.Debug|x86.ActiveCfg = Debug|Any CPU
		{85219198-082C-4152-909C-0567B2B156ED}.Debug|x86.Build.0 = Debug|Any CPU
		{85219198-082C-4152-909C-0567B2B156ED}.Debug|x86.Deploy.0 = Debug|Any CPU
		{85219198-082C-4152-909C-0567B2B156ED}.Release|Any CPU.ActiveCfg = Release|Any CPU
		{85219198-082C-4152-909C-0567B2B156ED}.Release|Any CPU.Build.0 = Release|Any CPU
		{85219198-082C-4152-909C-0567B2B156ED}.Release|Any CPU.Deploy.0 = Release|Any CPU
		{85219198-082C-4152-909C-0567B2B156ED}.Release|ARM.ActiveCfg = Release|Any CPU
		{85219198-082C-4152-909C-0567B2B156ED}.Release|ARM.Build.0 = Release|Any CPU
		{85219198-082C-4152-909C-0567B2B156ED}.Release|ARM.Deploy.0 = Release|Any CPU
		{85219198-082C-4152-909C-0567B2B156ED}.Release|iPhone.ActiveCfg = Release|Any CPU
		{85219198-082C-4152-909C-0567B2B156ED}.Release|iPhone.Build.0 = Release|Any CPU
		{85219198-082C-4152-909C-0567B2B156ED}.Release|iPhone.Deploy.0 = Release|Any CPU
		{85219198-082C-4152-909C-0567B2B156ED}.Release|iPhoneSimulator.ActiveCfg = Release|Any CPU
		{85219198-082C-4152-909C-0567B2B156ED}.Release|iPhoneSimulator.Build.0 = Release|Any CPU
		{85219198-082C-4152-909C-0567B2B156ED}.Release|iPhoneSimulator.Deploy.0 = Release|Any CPU
		{85219198-082C-4152-909C-0567B2B156ED}.Release|x64.ActiveCfg = Release|Any CPU
		{85219198-082C-4152-909C-0567B2B156ED}.Release|x64.Build.0 = Release|Any CPU
		{85219198-082C-4152-909C-0567B2B156ED}.Release|x64.Deploy.0 = Release|Any CPU
		{85219198-082C-4152-909C-0567B2B156ED}.Release|x86.ActiveCfg = Release|Any CPU
		{85219198-082C-4152-909C-0567B2B156ED}.Release|x86.Build.0 = Release|Any CPU
		{85219198-082C-4152-909C-0567B2B156ED}.Release|x86.Deploy.0 = Release|Any CPU
	EndGlobalSection
	GlobalSection(SolutionProperties) = preSolution
		HideSolutionNode = FALSE
	EndGlobalSection
	GlobalSection(ExtensibilityGlobals) = postSolution
		SolutionGuid = {3615BC0A-1D8F-4A80-A1A1-F6B57939D444}
	EndGlobalSection
EndGlobal
